// !$*UTF8*$!
{
	archiveVersion = 1;
	classes = {
	};
	objectVersion = 46;
	objects = {

/* Begin PBXBuildFile section */
		659D458A1CB36AC500EDA465 /* AppDelegate.swift in Sources */ = {isa = PBXBuildFile; fileRef = 659D45891CB36AC500EDA465 /* AppDelegate.swift */; };
		659D458C1CB36AC500EDA465 /* ViewController.swift in Sources */ = {isa = PBXBuildFile; fileRef = 659D458B1CB36AC500EDA465 /* ViewController.swift */; };
		659D458F1CB36AC500EDA465 /* Main.storyboard in Resources */ = {isa = PBXBuildFile; fileRef = 659D458D1CB36AC500EDA465 /* Main.storyboard */; };
		659D45911CB36AC500EDA465 /* Assets.xcassets in Resources */ = {isa = PBXBuildFile; fileRef = 659D45901CB36AC500EDA465 /* Assets.xcassets */; };
		659D45941CB36AC500EDA465 /* LaunchScreen.storyboard in Resources */ = {isa = PBXBuildFile; fileRef = 659D45921CB36AC500EDA465 /* LaunchScreen.storyboard */; };
		659D459C1CB36D4C00EDA465 /* Line.swift in Sources */ = {isa = PBXBuildFile; fileRef = 659D459B1CB36D4C00EDA465 /* Line.swift */; };
		659D459E1CB36FEA00EDA465 /* DrawView.swift in Sources */ = {isa = PBXBuildFile; fileRef = 659D459D1CB36FEA00EDA465 /* DrawView.swift */; };
/* End PBXBuildFile section */

/* Begin PBXFileReference section */
		659D45861CB36AC500EDA465 /* BNR_TouchTracker.app */ = {isa = PBXFileReference; explicitFileType = wrapper.application; includeInIndex = 0; path = BNR_TouchTracker.app; sourceTree = BUILT_PRODUCTS_DIR; };
		659D45891CB36AC500EDA465 /* AppDelegate.swift */ = {isa = PBXFileReference; lastKnownFileType = sourcecode.swift; path = AppDelegate.swift; sourceTree = "<group>"; };
		659D458B1CB36AC500EDA465 /* ViewController.swift */ = {isa = PBXFileReference; lastKnownFileType = sourcecode.swift; path = ViewController.swift; sourceTree = "<group>"; };
		659D458E1CB36AC500EDA465 /* Base */ = {isa = PBXFileReference; lastKnownFileType = file.storyboard; name = Base; path = Base.lproj/Main.storyboard; sourceTree = "<group>"; };
		659D45901CB36AC500EDA465 /* Assets.xcassets */ = {isa = PBXFileReference; lastKnownFileType = folder.assetcatalog; path = Assets.xcassets; sourceTree = "<group>"; };
		659D45931CB36AC500EDA465 /* Base */ = {isa = PBXFileReference; lastKnownFileType = file.storyboard; name = Base; path = Base.lproj/LaunchScreen.storyboard; sourceTree = "<group>"; };
		659D45951CB36AC500EDA465 /* Info.plist */ = {isa = PBXFileReference; lastKnownFileType = text.plist.xml; path = Info.plist; sourceTree = "<group>"; };
		659D459B1CB36D4C00EDA465 /* Line.swift */ = {isa = PBXFileReference; fileEncoding = 4; lastKnownFileType = sourcecode.swift; path = Line.swift; sourceTree = "<group>"; };
		659D459D1CB36FEA00EDA465 /* DrawView.swift */ = {isa = PBXFileReference; fileEncoding = 4; lastKnownFileType = sourcecode.swift; path = DrawView.swift; sourceTree = "<group>"; };
/* End PBXFileReference section */

/* Begin PBXFrameworksBuildPhase section */
		659D45831CB36AC500EDA465 /* Frameworks */ = {
			isa = PBXFrameworksBuildPhase;
			buildActionMask = 2147483647;
			files = (
			);
			runOnlyForDeploymentPostprocessing = 0;
		};
/* End PBXFrameworksBuildPhase section */

/* Begin PBXGroup section */
		659D457D1CB36AC500EDA465 = {
			isa = PBXGroup;
			children = (
				659D45881CB36AC500EDA465 /* BNR_TouchTracker */,
				659D45871CB36AC500EDA465 /* Products */,
			);
			sourceTree = "<group>";
		};
		659D45871CB36AC500EDA465 /* Products */ = {
			isa = PBXGroup;
			children = (
				659D45861CB36AC500EDA465 /* BNR_TouchTracker.app */,
			);
			name = Products;
			sourceTree = "<group>";
		};
		659D45881CB36AC500EDA465 /* BNR_TouchTracker */ = {
			isa = PBXGroup;
			children = (
				659D45891CB36AC500EDA465 /* AppDelegate.swift */,
				659D458B1CB36AC500EDA465 /* ViewController.swift */,
				659D459B1CB36D4C00EDA465 /* Line.swift */,
				659D459D1CB36FEA00EDA465 /* DrawView.swift */,
				659D458D1CB36AC500EDA465 /* Main.storyboard */,
				659D45901CB36AC500EDA465 /* Assets.xcassets */,
				659D45921CB36AC500EDA465 /* LaunchScreen.storyboard */,
				659D45951CB36AC500EDA465 /* Info.plist */,
			);
			path = BNR_TouchTracker;
			sourceTree = "<group>";
		};
/* End PBXGroup section */

/* Begin PBXNativeTarget section */
		659D45851CB36AC500EDA465 /* BNR_TouchTracker */ = {
			isa = PBXNativeTarget;
			buildConfigurationList = 659D45981CB36AC500EDA465 /* Build configuration list for PBXNativeTarget "BNR_TouchTracker" */;
			buildPhases = (
				659D45821CB36AC500EDA465 /* Sources */,
				659D45831CB36AC500EDA465 /* Frameworks */,
				659D45841CB36AC500EDA465 /* Resources */,
			);
			buildRules = (
			);
			dependencies = (
			);
			name = BNR_TouchTracker;
			productName = BNR_TouchTracker;
			productReference = 659D45861CB36AC500EDA465 /* BNR_TouchTracker.app */;
			productType = "com.apple.product-type.application";
		};
/* End PBXNativeTarget section */

/* Begin PBXProject section */
		659D457E1CB36AC500EDA465 /* Project object */ = {
			isa = PBXProject;
			attributes = {
				LastSwiftUpdateCheck = 0720;
				LastUpgradeCheck = 0720;
				ORGANIZATIONNAME = "Yohannes Wijaya";
				TargetAttributes = {
					659D45851CB36AC500EDA465 = {
						CreatedOnToolsVersion = 7.2.1;
						DevelopmentTeam = 4Z5JKF2M6S;
					};
				};
			};
			buildConfigurationList = 659D45811CB36AC500EDA465 /* Build configuration list for PBXProject "BNR_TouchTracker" */;
			compatibilityVersion = "Xcode 3.2";
			developmentRegion = English;
			hasScannedForEncodings = 0;
			knownRegions = (
				en,
				Base,
			);
			mainGroup = 659D457D1CB36AC500EDA465;
			productRefGroup = 659D45871CB36AC500EDA465 /* Products */;
			projectDirPath = "";
			projectRoot = "";
			targets = (
				659D45851CB36AC500EDA465 /* BNR_TouchTracker */,
			);
		};
/* End PBXProject section */

/* Begin PBXResourcesBuildPhase section */
		659D45841CB36AC500EDA465 /* Resources */ = {
			isa = PBXResourcesBuildPhase;
			buildActionMask = 2147483647;
			files = (
				659D45941CB36AC500EDA465 /* LaunchScreen.storyboard in Resources */,
				659D45911CB36AC500EDA465 /* Assets.xcassets in Resources */,
				659D458F1CB36AC500EDA465 /* Main.storyboard in Resources */,
			);
			runOnlyForDeploymentPostprocessing = 0;
		};
/* End PBXResourcesBuildPhase section */

/* Begin PBXSourcesBuildPhase section */
		659D45821CB36AC500EDA465 /* Sources */ = {
			isa = PBXSourcesBuildPhase;
			buildActionMask = 2147483647;
			files = (
				659D459C1CB36D4C00EDA465 /* Line.swift in Sources */,
				659D458C1CB36AC500EDA465 /* ViewController.swift in Sources */,
				659D459E1CB36FEA00EDA465 /* DrawView.swift in Sources */,
				659D458A1CB36AC500EDA465 /* AppDelegate.swift in Sources */,
			);
			runOnlyForDeploymentPostprocessing = 0;
		};
/* End PBXSourcesBuildPhase section */

/* Begin PBXVariantGroup section */
		659D458D1CB36AC500EDA465 /* Main.storyboard */ = {
			isa = PBXVariantGroup;
			children = (
				659D458E1CB36AC500EDA465 /* Base */,
			);
			name = Main.storyboard;
			sourceTree = "<group>";
		};
		659D45921CB36AC500EDA465 /* LaunchScreen.storyboard */ = {
			isa = PBXVariantGroup;
			children = (
				659D45931CB36AC500EDA465 /* Base */,
			);
			name = LaunchScreen.storyboard;
			sourceTree = "<group>";
		};
/* End PBXVariantGroup section */

/* Begin XCBuildConfiguration section */
		659D45961CB36AC500EDA465 /* Debug */ = {
			isa = XCBuildConfiguration;
			buildSettings = {
				ALWAYS_SEARCH_USER_PATHS = NO;
				CLANG_CXX_LANGUAGE_STANDARD = "gnu++0x";
				CLANG_CXX_LIBRARY = "libc++";
				CLANG_ENABLE_MODULES = YES;
				CLANG_ENABLE_OBJC_ARC = YES;
				CLANG_WARN_BOOL_CONVERSION = YES;
				CLANG_WARN_CONSTANT_CONVERSION = YES;
				CLANG_WARN_DIRECT_OBJC_ISA_USAGE = YES_ERROR;
				CLANG_WARN_EMPTY_BODY = YES;
				CLANG_WARN_ENUM_CONVERSION = YES;
				CLANG_WARN_INT_CONVERSION = YES;
				CLANG_WARN_OBJC_ROOT_CLASS = YES_ERROR;
				CLANG_WARN_UNREACHABLE_CODE = YES;
				CLANG_WARN__DUPLICATE_METHOD_MATCH = YES;
				"CODE_SIGN_IDENTITY[sdk=iphoneos*]" = "iPhone Developer";
				COPY_PHASE_STRIP = NO;
				DEBUG_INFORMATION_FORMAT = dwarf;
				ENABLE_STRICT_OBJC_MSGSEND = YES;
				ENABLE_TESTABILITY = YES;
				GCC_C_LANGUAGE_STANDARD = gnu99;
				GCC_DYNAMIC_NO_PIC = NO;
				GCC_NO_COMMON_BLOCKS = YES;
				GCC_OPTIMIZATION_LEVEL = 0;
				GCC_PREPROCESSOR_DEFINITIONS = (
					"DEBUG=1",
					"$(inherited)",
				);
				GCC_WARN_64_TO_32_BIT_CONVERSION = YES;
				GCC_WARN_ABOUT_RETURN_TYPE = YES_ERROR;
				GCC_WARN_UNDECLARED_SELECTOR = YES;
				GCC_WARN_UNINITIALIZED_AUTOS = YES_AGGRESSIVE;
				GCC_WARN_UNUSED_FUNCTION = YES;
				GCC_WARN_UNUSED_VARIABLE = YES;
				IPHONEOS_DEPLOYMENT_TARGET = 9.2;
				MTL_ENABLE_DEBUG_INFO = YES;
				ONLY_ACTIVE_ARCH = YES;
				SDKROOT = iphoneos;
				SWIFT_OPTIMIZATION_LEVEL = "-Onone";
				TARGETED_DEVICE_FAMILY = "1,2";
			};
			name = Debug;
		};
		659D45971CB36AC500EDA465 /* Release */ = {
			isa = XCBuildConfiguration;
			buildSettings = {
				ALWAYS_SEARCH_USER_PATHS = NO;
				CLANG_CXX_LANGUAGE_STANDARD = "gnu++0x";
				CLANG_CXX_LIBRARY = "libc++";
				CLANG_ENABLE_MODULES = YES;
				CLANG_ENABLE_OBJC_ARC = YES;
				CLANG_WARN_BOOL_CONVERSION = YES;
				CLANG_WARN_CONSTANT_CONVERSION = YES;
				CLANG_WARN_DIRECT_OBJC_ISA_USAGE = YES_ERROR;
				CLANG_WARN_EMPTY_BODY = YES;
				CLANG_WARN_ENUM_CONVERSION = YES;
				CLANG_WARN_INT_CONVERSION = YES;
				CLANG_WARN_OBJC_ROOT_CLASS = YES_ERROR;
				CLANG_WARN_UNREACHABLE_CODE = YES;
				CLANG_WARN__DUPLICATE_METHOD_MATCH = YES;
				"CODE_SIGN_IDENTITY[sdk=iphoneos*]" = "iPhone Developer";
				COPY_PHASE_STRIP = NO;
				DEBUG_INFORMATION_FORMAT = "dwarf-with-dsym";
				ENABLE_NS_ASSERTIONS = NO;
				ENABLE_STRICT_OBJC_MSGSEND = YES;
				GCC_C_LANGUAGE_STANDARD = gnu99;
				GCC_NO_COMMON_BLOCKS = YES;
				GCC_WARN_64_TO_32_BIT_CONVERSION = YES;
				GCC_WARN_ABOUT_RETURN_TYPE = YES_ERROR;
				GCC_WARN_UNDECLARED_SELECTOR = YES;
				GCC_WARN_UNINITIALIZED_AUTOS = YES_AGGRESSIVE;
				GCC_WARN_UNUSED_FUNCTION = YES;
				GCC_WARN_UNUSED_VARIABLE = YES;
				IPHONEOS_DEPLOYMENT_TARGET = 9.2;
				MTL_ENABLE_DEBUG_INFO = NO;
				SDKROOT = iphoneos;
				TARGETED_DEVICE_FAMILY = "1,2";
				VALIDATE_PRODUCT = YES;
			};
			name = Release;
		};
		659D45991CB36AC500EDA465 /* Debug */ = {
			isa = XCBuildConfiguration;
			buildSettings = {
				ASSETCATALOG_COMPILER_APPICON_NAME = AppIcon;
				INFOPLIST_FILE = BNR_TouchTracker/Info.plist;
				LD_RUNPATH_SEARCH_PATHS = "$(inherited) @executable_path/Frameworks";
				PRODUCT_BUNDLE_IDENTIFIER = "self.fearless.BNR-TouchTracker";
				PRODUCT_NAME = "$(TARGET_NAME)";
			};
			name = Debug;
		};
		659D459A1CB36AC500EDA465 /* Release */ = {
			isa = XCBuildConfiguration;
			buildSettings = {
				ASSETCATALOG_COMPILER_APPICON_NAME = AppIcon;
				INFOPLIST_FILE = BNR_TouchTracker/Info.plist;
				LD_RUNPATH_SEARCH_PATHS = "$(inherited) @executable_path/Frameworks";
				PRODUCT_BUNDLE_IDENTIFIER = "self.fearless.BNR-TouchTracker";
				PRODUCT_NAME = "$(TARGET_NAME)";
			};
			name = Release;
		};
/* End XCBuildConfiguration section */

/* Begin XCConfigurationList section */
		659D45811CB36AC500EDA465 /* Build configuration list for PBXProject "BNR_TouchTracker" */ = {
			isa = XCConfigurationList;
			buildConfigurations = (
				659D45961CB36AC500EDA465 /* Debug */,
				659D45971CB36AC500EDA465 /* Release */,
			);
			defaultConfigurationIsVisible = 0;
			defaultConfigurationName = Release;
		};
		659D45981CB36AC500EDA465 /* Build configuration list for PBXNativeTarget "BNR_TouchTracker" */ = {
			isa = XCConfigurationList;
			buildConfigurations = (
				659D45991CB36AC500EDA465 /* Debug */,
				659D459A1CB36AC500EDA465 /* Release */,
			);
			defaultConfigurationIsVisible = 0;
		};
/* End XCConfigurationList section */
	};
	rootObject = 659D457E1CB36AC500EDA465 /* Project object */;
}
